
Microsoft Visual Studio Solution File, Format Version 12.00
# Visual Studio Version 17
VisualStudioVersion = 17.3.32929.385
MinimumVisualStudioVersion = 10.0.40219.1
Project("{FAE04EC0-301F-11D3-BF4B-00C04F79EFBC}") = "Audio Player", "Audio Player\Audio Player.csproj", "{D8A7CC7C-2668-469D-9CE2-BDB919A7732D}"
EndProject
Global
	GlobalSection(SolutionConfigurationPlatforms) = preSolution
		Debug|Any CPU = Debug|Any CPU
		Release|Any CPU = Release|Any CPU
	EndGlobalSection
	GlobalSection(ProjectConfigurationPlatforms) = postSolution
		{D8A7CC7C-2668-469D-9CE2-BDB919A7732D}.Debug|Any CPU.ActiveCfg = Debug|Any CPU
		{D8A7CC7C-2668-469D-9CE2-BDB919A7732D}.Debug|Any CPU.Build.0 = Debug|Any CPU
		{D8A7CC7C-2668-469D-9CE2-BDB919A7732D}.Release|Any CPU.ActiveCfg = Release|Any CPU
		{D8A7CC7C-2668-469D-9CE2-BDB919A7732D}.Release|Any CPU.Build.0 = Release|Any CPU
	EndGlobalSection
	GlobalSection(SolutionProperties) = preSolution
		HideSolutionNode = FALSE
	EndGlobalSection
	GlobalSection(ExtensibilityGlobals) = postSolution
		SolutionGuid = {A9161F67-7FB7-4263-A334-65E3DF881B18}
	EndGlobalSection
EndGlobal
